
Microsoft Visual Studio Solution File, Format Version 12.00
# Visual Studio Version 17
VisualStudioVersion = 17.10.34916.146
MinimumVisualStudioVersion = 10.0.40219.1
Project("{9A19103F-16F7-4668-BE54-9A1E7A4F7556}") = "Application", "Application\Application.csproj", "{791AF487-71ED-450E-AC07-A0138FCA1FE9}"
EndProject
Project("{9A19103F-16F7-4668-BE54-9A1E7A4F7556}") = "Domain", "Domain\Domain.csproj", "{048EABC5-182A-4607-B6C1-6088B8D617EC}"
EndProject
Project("{9A19103F-16F7-4668-BE54-9A1E7A4F7556}") = "Infrastructure", "Infrastructure\Infrastructure.csproj", "{E5F5F792-976C-4B94-B149-F89B83DA80CE}"
EndProject
Project("{9A19103F-16F7-4668-BE54-9A1E7A4F7556}") = "Persistence", "Persistence\Persistence.csproj", "{41E4A79B-972A-4B58-9B37-2FD0D385DA7E}"
EndProject
Project("{9A19103F-16F7-4668-BE54-9A1E7A4F7556}") = "API", "API\API.csproj", "{A9F006ED-4273-470D-819F-52DE55C50783}"
EndProject
Project("{2150E333-8FDC-42A3-9474-1A3956D46DE8}") = "Solution Items", "Solution Items", "{D76E97D2-C7CD-4D00-AC0D-C6C418F67E83}"
	ProjectSection(SolutionItems) = preProject
		.dockerignore = .dockerignore
		.gitignore = .gitignore
		README.md = README.md
	EndProjectSection
EndProject
Global
	GlobalSection(SolutionConfigurationPlatforms) = preSolution
		Debug|Any CPU = Debug|Any CPU
		Release|Any CPU = Release|Any CPU
	EndGlobalSection
	GlobalSection(ProjectConfigurationPlatforms) = postSolution
		{791AF487-71ED-450E-AC07-A0138FCA1FE9}.Debug|Any CPU.ActiveCfg = Debug|Any CPU
		{791AF487-71ED-450E-AC07-A0138FCA1FE9}.Debug|Any CPU.Build.0 = Debug|Any CPU
		{791AF487-71ED-450E-AC07-A0138FCA1FE9}.Release|Any CPU.ActiveCfg = Release|Any CPU
		{791AF487-71ED-450E-AC07-A0138FCA1FE9}.Release|Any CPU.Build.0 = Release|Any CPU
		{048EABC5-182A-4607-B6C1-6088B8D617EC}.Debug|Any CPU.ActiveCfg = Debug|Any CPU
		{048EABC5-182A-4607-B6C1-6088B8D617EC}.Debug|Any CPU.Build.0 = Debug|Any CPU
		{048EABC5-182A-4607-B6C1-6088B8D617EC}.Release|Any CPU.ActiveCfg = Release|Any CPU
		{048EABC5-182A-4607-B6C1-6088B8D617EC}.Release|Any CPU.Build.0 = Release|Any CPU
		{E5F5F792-976C-4B94-B149-F89B83DA80CE}.Debug|Any CPU.ActiveCfg = Debug|Any CPU
		{E5F5F792-976C-4B94-B149-F89B83DA80CE}.Debug|Any CPU.Build.0 = Debug|Any CPU
		{E5F5F792-976C-4B94-B149-F89B83DA80CE}.Release|Any CPU.ActiveCfg = Release|Any CPU
		{E5F5F792-976C-4B94-B149-F89B83DA80CE}.Release|Any CPU.Build.0 = Release|Any CPU
		{41E4A79B-972A-4B58-9B37-2FD0D385DA7E}.Debug|Any CPU.ActiveCfg = Debug|Any CPU
		{41E4A79B-972A-4B58-9B37-2FD0D385DA7E}.Debug|Any CPU.Build.0 = Debug|Any CPU
		{41E4A79B-972A-4B58-9B37-2FD0D385DA7E}.Release|Any CPU.ActiveCfg = Release|Any CPU
		{41E4A79B-972A-4B58-9B37-2FD0D385DA7E}.Release|Any CPU.Build.0 = Release|Any CPU
		{A9F006ED-4273-470D-819F-52DE55C50783}.Debug|Any CPU.ActiveCfg = Debug|Any CPU
		{A9F006ED-4273-470D-819F-52DE55C50783}.Debug|Any CPU.Build.0 = Debug|Any CPU
		{A9F006ED-4273-470D-819F-52DE55C50783}.Release|Any CPU.ActiveCfg = Release|Any CPU
		{A9F006ED-4273-470D-819F-52DE55C50783}.Release|Any CPU.Build.0 = Release|Any CPU
	EndGlobalSection
	GlobalSection(SolutionProperties) = preSolution
		HideSolutionNode = FALSE
	EndGlobalSection
	GlobalSection(ExtensibilityGlobals) = postSolution
		SolutionGuid = {2B08624F-9A10-4EF2-BC42-EA7102E7E63F}
	EndGlobalSection
EndGlobal
